// !$*UTF8*$!
{
	archiveVersion = 1;
	classes = {
	};
	objectVersion = 56;
	objects = {

/* Begin PBXBuildFile section */
		020061282C11141A00575E13 /* AppDelegate.swift in Sources */ = {isa = PBXBuildFile; fileRef = 020061272C11141A00575E13 /* AppDelegate.swift */; };
		0200612A2C11141A00575E13 /* SceneDelegate.swift in Sources */ = {isa = PBXBuildFile; fileRef = 020061292C11141A00575E13 /* SceneDelegate.swift */; };
		0200612F2C11141A00575E13 /* Base in Resources */ = {isa = PBXBuildFile; fileRef = 0200612E2C11141A00575E13 /* Base */; };
		020061322C11141A00575E13 /* Kiwix.xcdatamodeld in Sources */ = {isa = PBXBuildFile; fileRef = 020061302C11141A00575E13 /* Kiwix.xcdatamodeld */; };
		020061342C11141A00575E13 /* Assets.xcassets in Resources */ = {isa = PBXBuildFile; fileRef = 020061332C11141A00575E13 /* Assets.xcassets */; };
		020061372C11141A00575E13 /* Base in Resources */ = {isa = PBXBuildFile; fileRef = 020061362C11141A00575E13 /* Base */; };
		020061422C11141A00575E13 /* KiwixTests.swift in Sources */ = {isa = PBXBuildFile; fileRef = 020061412C11141A00575E13 /* KiwixTests.swift */; };
		0200614C2C11141B00575E13 /* KiwixUITests.swift in Sources */ = {isa = PBXBuildFile; fileRef = 0200614B2C11141B00575E13 /* KiwixUITests.swift */; };
		0200614E2C11141B00575E13 /* KiwixUITestsLaunchTests.swift in Sources */ = {isa = PBXBuildFile; fileRef = 0200614D2C11141B00575E13 /* KiwixUITestsLaunchTests.swift */; };
		020061682C1114BF00575E13 /* HomeInteractor.swift in Sources */ = {isa = PBXBuildFile; fileRef = 020061672C1114BF00575E13 /* HomeInteractor.swift */; };
		0200616A2C1114C900575E13 /* HomePresenter.swift in Sources */ = {isa = PBXBuildFile; fileRef = 020061692C1114C900575E13 /* HomePresenter.swift */; };
		0200616D2C1114EC00575E13 /* HomeRouter.swift in Sources */ = {isa = PBXBuildFile; fileRef = 0200616C2C1114EC00575E13 /* HomeRouter.swift */; };
		020061702C1114F900575E13 /* DetailViewController.swift in Sources */ = {isa = PBXBuildFile; fileRef = 0200616E2C1114F900575E13 /* DetailViewController.swift */; };
		020061712C1114F900575E13 /* DetailViewController.xib in Resources */ = {isa = PBXBuildFile; fileRef = 0200616F2C1114F900575E13 /* DetailViewController.xib */; };
		020061732C11150600575E13 /* DetailInteractor.swift in Sources */ = {isa = PBXBuildFile; fileRef = 020061722C11150600575E13 /* DetailInteractor.swift */; };
		020061752C11151000575E13 /* DetailPresenter.swift in Sources */ = {isa = PBXBuildFile; fileRef = 020061742C11151000575E13 /* DetailPresenter.swift */; };
		020061772C11151900575E13 /* DetailRouter.swift in Sources */ = {isa = PBXBuildFile; fileRef = 020061762C11151900575E13 /* DetailRouter.swift */; };
		020061792C11205900575E13 /* Word.swift in Sources */ = {isa = PBXBuildFile; fileRef = 020061782C11205900575E13 /* Word.swift */; };
		0200617B2C11208F00575E13 /* Synonym.swift in Sources */ = {isa = PBXBuildFile; fileRef = 0200617A2C11208F00575E13 /* Synonym.swift */; };
		0206BEC72C11D57400381186 /* HomeViewController.swift in Sources */ = {isa = PBXBuildFile; fileRef = 0206BEC52C11D57400381186 /* HomeViewController.swift */; };
		0206BEC82C11D57400381186 /* HomeViewController.xib in Resources */ = {isa = PBXBuildFile; fileRef = 0206BEC62C11D57400381186 /* HomeViewController.xib */; };
		0206BECE2C11F8EC00381186 /* EmptyView.swift in Sources */ = {isa = PBXBuildFile; fileRef = 0206BECD2C11F8EC00381186 /* EmptyView.swift */; };
		0206BED02C11F8F400381186 /* EmptyView.xib in Resources */ = {isa = PBXBuildFile; fileRef = 0206BECF2C11F8F400381186 /* EmptyView.xib */; };
		020828DC2C148C33002FC12E /* UIViewController.swift in Sources */ = {isa = PBXBuildFile; fileRef = 020828DB2C148C33002FC12E /* UIViewController.swift */; };
		021CF2252C11255500A884DE /* NetworkManager.swift in Sources */ = {isa = PBXBuildFile; fileRef = 021CF2242C11255500A884DE /* NetworkManager.swift */; };
		021FF48C2C19B1B200506A69 /* ButtonViewPresenter.swift in Sources */ = {isa = PBXBuildFile; fileRef = 021FF48B2C19B1B200506A69 /* ButtonViewPresenter.swift */; };
		021FF48E2C19B4E700506A69 /* ButtonView.xib in Resources */ = {isa = PBXBuildFile; fileRef = 021FF48D2C19B4E700506A69 /* ButtonView.xib */; };
		021FF4912C19BA8100506A69 /* FooterView.swift in Sources */ = {isa = PBXBuildFile; fileRef = 021FF4902C19BA8100506A69 /* FooterView.swift */; };
		021FF4932C19BA8A00506A69 /* FooterView.xib in Resources */ = {isa = PBXBuildFile; fileRef = 021FF4922C19BA8A00506A69 /* FooterView.xib */; };
		02372A802C13232100A91977 /* CoreDataManager.swift in Sources */ = {isa = PBXBuildFile; fileRef = 02372A7F2C13232100A91977 /* CoreDataManager.swift */; };
		02372A842C13282200A91977 /* RecentsCell.swift in Sources */ = {isa = PBXBuildFile; fileRef = 02372A822C13282200A91977 /* RecentsCell.swift */; };
		02372A852C13282200A91977 /* RecentsCell.xib in Resources */ = {isa = PBXBuildFile; fileRef = 02372A832C13282200A91977 /* RecentsCell.xib */; };
		025D782F2C145464005C6832 /* HeaderView.swift in Sources */ = {isa = PBXBuildFile; fileRef = 025D782E2C145464005C6832 /* HeaderView.swift */; };
		025D78332C1454A2005C6832 /* HeaderViewPresenter.swift in Sources */ = {isa = PBXBuildFile; fileRef = 025D78322C1454A2005C6832 /* HeaderViewPresenter.swift */; };
		02620B862C171E9200A506CF /* RecentSection.swift in Sources */ = {isa = PBXBuildFile; fileRef = 02620B852C171E9200A506CF /* RecentSection.swift */; };
		02620B882C171EA800A506CF /* RecentSection.xib in Resources */ = {isa = PBXBuildFile; fileRef = 02620B872C171EA800A506CF /* RecentSection.xib */; };
		0298D40F2C15DC1F00A054A8 /* WordCell.swift in Sources */ = {isa = PBXBuildFile; fileRef = 0298D40D2C15DC1F00A054A8 /* WordCell.swift */; };
		0298D4102C15DC1F00A054A8 /* WordCell.xib in Resources */ = {isa = PBXBuildFile; fileRef = 0298D40E2C15DC1F00A054A8 /* WordCell.xib */; };
		0298D4132C15E05100A054A8 /* WordCellPresenter.swift in Sources */ = {isa = PBXBuildFile; fileRef = 0298D4122C15E05100A054A8 /* WordCellPresenter.swift */; };
		0298D4162C15E61200A054A8 /* WordSectionHeader.swift in Sources */ = {isa = PBXBuildFile; fileRef = 0298D4152C15E61200A054A8 /* WordSectionHeader.swift */; };
		0298D4182C15E61A00A054A8 /* WordSectionHeader.xib in Resources */ = {isa = PBXBuildFile; fileRef = 0298D4172C15E61A00A054A8 /* WordSectionHeader.xib */; };
		0298D41B2C15E7A900A054A8 /* CustomSectionHeaderPresenter.swift in Sources */ = {isa = PBXBuildFile; fileRef = 0298D41A2C15E7A900A054A8 /* CustomSectionHeaderPresenter.swift */; };
		0298D41D2C15F1A100A054A8 /* HeaderView.xib in Resources */ = {isa = PBXBuildFile; fileRef = 0298D41C2C15F1A100A054A8 /* HeaderView.xib */; };
		0298D4212C16698800A054A8 /* ButtonView.swift in Sources */ = {isa = PBXBuildFile; fileRef = 0298D41F2C16698800A054A8 /* ButtonView.swift */; };
		02A581FE2C11AE43004E06F1 /* ViewController.swift in Sources */ = {isa = PBXBuildFile; fileRef = 02A581FD2C11AE43004E06F1 /* ViewController.swift */; };
		02A582062C11C3AC004E06F1 /* OnboardingViewController.swift in Sources */ = {isa = PBXBuildFile; fileRef = 02A582042C11C3AC004E06F1 /* OnboardingViewController.swift */; };
		02A582072C11C3AC004E06F1 /* OnboardingViewController.xib in Resources */ = {isa = PBXBuildFile; fileRef = 02A582052C11C3AC004E06F1 /* OnboardingViewController.xib */; };
		02A582112C11CCFE004E06F1 /* OnboardingPresenter.swift in Sources */ = {isa = PBXBuildFile; fileRef = 02A582102C11CCFE004E06F1 /* OnboardingPresenter.swift */; };
		02A582132C11CD08004E06F1 /* OnboardingRouter.swift in Sources */ = {isa = PBXBuildFile; fileRef = 02A582122C11CD08004E06F1 /* OnboardingRouter.swift */; };
		02A582232C11D216004E06F1 /* LICENSE.txt in Resources */ = {isa = PBXBuildFile; fileRef = 02A582152C11D216004E06F1 /* LICENSE.txt */; };
		02A582242C11D216004E06F1 /* Roboto-Black.ttf in Resources */ = {isa = PBXBuildFile; fileRef = 02A582162C11D216004E06F1 /* Roboto-Black.ttf */; };
		02A582262C11D216004E06F1 /* Roboto-Bold.ttf in Resources */ = {isa = PBXBuildFile; fileRef = 02A582182C11D216004E06F1 /* Roboto-Bold.ttf */; };
		02A5822B2C11D216004E06F1 /* Roboto-Medium.ttf in Resources */ = {isa = PBXBuildFile; fileRef = 02A5821D2C11D216004E06F1 /* Roboto-Medium.ttf */; };
		02A5822D2C11D216004E06F1 /* Roboto-Regular.ttf in Resources */ = {isa = PBXBuildFile; fileRef = 02A5821F2C11D216004E06F1 /* Roboto-Regular.ttf */; };
		02B1EDB92C1C44EE00A05BD5 /* EmptyViewPresenter.swift in Sources */ = {isa = PBXBuildFile; fileRef = 02B1EDB82C1C44EE00A05BD5 /* EmptyViewPresenter.swift */; };
		02B1EDBC2C1C73AD00A05BD5 /* MockDetailViewController.swift in Sources */ = {isa = PBXBuildFile; fileRef = 02B1EDBB2C1C73AD00A05BD5 /* MockDetailViewController.swift */; };
		02B1EDBE2C1C749100A05BD5 /* MockDetailInteractor.swift in Sources */ = {isa = PBXBuildFile; fileRef = 02B1EDBD2C1C749100A05BD5 /* MockDetailInteractor.swift */; };
		02B1EDC02C1C7D4200A05BD5 /* DetailPresenterTests.swift in Sources */ = {isa = PBXBuildFile; fileRef = 02B1EDBF2C1C7D4200A05BD5 /* DetailPresenterTests.swift */; };
		02B1EDC22C1C7DC700A05BD5 /* MockDetailRouter.swift in Sources */ = {isa = PBXBuildFile; fileRef = 02B1EDC12C1C7DC700A05BD5 /* MockDetailRouter.swift */; };
		02B1EDC42C1C7FA300A05BD5 /* OnboardingViewControllerUITests.swift in Sources */ = {isa = PBXBuildFile; fileRef = 02B1EDC32C1C7FA300A05BD5 /* OnboardingViewControllerUITests.swift */; };
		02B1EDC62C1C985E00A05BD5 /* Notification.Name.swift in Sources */ = {isa = PBXBuildFile; fileRef = 02B1EDC52C1C985E00A05BD5 /* Notification.Name.swift */; };
/* End PBXBuildFile section */

/* Begin PBXContainerItemProxy section */
		0200613E2C11141A00575E13 /* PBXContainerItemProxy */ = {
			isa = PBXContainerItemProxy;
			containerPortal = 0200611C2C11141900575E13 /* Project object */;
			proxyType = 1;
			remoteGlobalIDString = 020061232C11141A00575E13;
			remoteInfo = Kiwix;
		};
		020061482C11141B00575E13 /* PBXContainerItemProxy */ = {
			isa = PBXContainerItemProxy;
			containerPortal = 0200611C2C11141900575E13 /* Project object */;
			proxyType = 1;
			remoteGlobalIDString = 020061232C11141A00575E13;
			remoteInfo = Kiwix;
		};
/* End PBXContainerItemProxy section */

/* Begin PBXFileReference section */
		020061242C11141A00575E13 /* Kiwix.app */ = {isa = PBXFileReference; explicitFileType = wrapper.application; includeInIndex = 0; path = Kiwix.app; sourceTree = BUILT_PRODUCTS_DIR; };
		020061272C11141A00575E13 /* AppDelegate.swift */ = {isa = PBXFileReference; lastKnownFileType = sourcecode.swift; path = AppDelegate.swift; sourceTree = "<group>"; };
		020061292C11141A00575E13 /* SceneDelegate.swift */ = {isa = PBXFileReference; lastKnownFileType = sourcecode.swift; path = SceneDelegate.swift; sourceTree = "<group>"; };
		0200612E2C11141A00575E13 /* Base */ = {isa = PBXFileReference; lastKnownFileType = file.storyboard; name = Base; path = Base.lproj/Main.storyboard; sourceTree = "<group>"; };
		020061312C11141A00575E13 /* Kiwix.xcdatamodel */ = {isa = PBXFileReference; lastKnownFileType = wrapper.xcdatamodel; path = Kiwix.xcdatamodel; sourceTree = "<group>"; };
		020061332C11141A00575E13 /* Assets.xcassets */ = {isa = PBXFileReference; lastKnownFileType = folder.assetcatalog; path = Assets.xcassets; sourceTree = "<group>"; };
		020061362C11141A00575E13 /* Base */ = {isa = PBXFileReference; lastKnownFileType = file.storyboard; name = Base; path = Base.lproj/LaunchScreen.storyboard; sourceTree = "<group>"; };
		020061382C11141A00575E13 /* Info.plist */ = {isa = PBXFileReference; lastKnownFileType = text.plist.xml; path = Info.plist; sourceTree = "<group>"; };
		0200613D2C11141A00575E13 /* KiwixTests.xctest */ = {isa = PBXFileReference; explicitFileType = wrapper.cfbundle; includeInIndex = 0; path = KiwixTests.xctest; sourceTree = BUILT_PRODUCTS_DIR; };
		020061412C11141A00575E13 /* KiwixTests.swift */ = {isa = PBXFileReference; lastKnownFileType = sourcecode.swift; path = KiwixTests.swift; sourceTree = "<group>"; };
		020061472C11141B00575E13 /* KiwixUITests.xctest */ = {isa = PBXFileReference; explicitFileType = wrapper.cfbundle; includeInIndex = 0; path = KiwixUITests.xctest; sourceTree = BUILT_PRODUCTS_DIR; };
		0200614B2C11141B00575E13 /* KiwixUITests.swift */ = {isa = PBXFileReference; lastKnownFileType = sourcecode.swift; path = KiwixUITests.swift; sourceTree = "<group>"; };
		0200614D2C11141B00575E13 /* KiwixUITestsLaunchTests.swift */ = {isa = PBXFileReference; lastKnownFileType = sourcecode.swift; path = KiwixUITestsLaunchTests.swift; sourceTree = "<group>"; };
		020061672C1114BF00575E13 /* HomeInteractor.swift */ = {isa = PBXFileReference; lastKnownFileType = sourcecode.swift; path = HomeInteractor.swift; sourceTree = "<group>"; };
		020061692C1114C900575E13 /* HomePresenter.swift */ = {isa = PBXFileReference; lastKnownFileType = sourcecode.swift; path = HomePresenter.swift; sourceTree = "<group>"; };
		0200616C2C1114EC00575E13 /* HomeRouter.swift */ = {isa = PBXFileReference; lastKnownFileType = sourcecode.swift; path = HomeRouter.swift; sourceTree = "<group>"; };
		0200616E2C1114F900575E13 /* DetailViewController.swift */ = {isa = PBXFileReference; lastKnownFileType = sourcecode.swift; path = DetailViewController.swift; sourceTree = "<group>"; };
		0200616F2C1114F900575E13 /* DetailViewController.xib */ = {isa = PBXFileReference; lastKnownFileType = file.xib; path = DetailViewController.xib; sourceTree = "<group>"; };
		020061722C11150600575E13 /* DetailInteractor.swift */ = {isa = PBXFileReference; lastKnownFileType = sourcecode.swift; path = DetailInteractor.swift; sourceTree = "<group>"; };
		020061742C11151000575E13 /* DetailPresenter.swift */ = {isa = PBXFileReference; lastKnownFileType = sourcecode.swift; path = DetailPresenter.swift; sourceTree = "<group>"; };
		020061762C11151900575E13 /* DetailRouter.swift */ = {isa = PBXFileReference; lastKnownFileType = sourcecode.swift; path = DetailRouter.swift; sourceTree = "<group>"; };
		020061782C11205900575E13 /* Word.swift */ = {isa = PBXFileReference; lastKnownFileType = sourcecode.swift; path = Word.swift; sourceTree = "<group>"; };
		0200617A2C11208F00575E13 /* Synonym.swift */ = {isa = PBXFileReference; lastKnownFileType = sourcecode.swift; path = Synonym.swift; sourceTree = "<group>"; };
		0206BEC52C11D57400381186 /* HomeViewController.swift */ = {isa = PBXFileReference; lastKnownFileType = sourcecode.swift; path = HomeViewController.swift; sourceTree = "<group>"; };
		0206BEC62C11D57400381186 /* HomeViewController.xib */ = {isa = PBXFileReference; lastKnownFileType = file.xib; path = HomeViewController.xib; sourceTree = "<group>"; };
		0206BECD2C11F8EC00381186 /* EmptyView.swift */ = {isa = PBXFileReference; lastKnownFileType = sourcecode.swift; path = EmptyView.swift; sourceTree = "<group>"; };
		0206BECF2C11F8F400381186 /* EmptyView.xib */ = {isa = PBXFileReference; lastKnownFileType = file.xib; path = EmptyView.xib; sourceTree = "<group>"; };
		020828DB2C148C33002FC12E /* UIViewController.swift */ = {isa = PBXFileReference; lastKnownFileType = sourcecode.swift; path = UIViewController.swift; sourceTree = "<group>"; };
		021CF2242C11255500A884DE /* NetworkManager.swift */ = {isa = PBXFileReference; lastKnownFileType = sourcecode.swift; path = NetworkManager.swift; sourceTree = "<group>"; };
		021FF48B2C19B1B200506A69 /* ButtonViewPresenter.swift */ = {isa = PBXFileReference; lastKnownFileType = sourcecode.swift; path = ButtonViewPresenter.swift; sourceTree = "<group>"; };
		021FF48D2C19B4E700506A69 /* ButtonView.xib */ = {isa = PBXFileReference; lastKnownFileType = file.xib; path = ButtonView.xib; sourceTree = "<group>"; };
		021FF4902C19BA8100506A69 /* FooterView.swift */ = {isa = PBXFileReference; lastKnownFileType = sourcecode.swift; path = FooterView.swift; sourceTree = "<group>"; };
		021FF4922C19BA8A00506A69 /* FooterView.xib */ = {isa = PBXFileReference; lastKnownFileType = file.xib; path = FooterView.xib; sourceTree = "<group>"; };
		02372A7F2C13232100A91977 /* CoreDataManager.swift */ = {isa = PBXFileReference; lastKnownFileType = sourcecode.swift; path = CoreDataManager.swift; sourceTree = "<group>"; };
		02372A822C13282200A91977 /* RecentsCell.swift */ = {isa = PBXFileReference; lastKnownFileType = sourcecode.swift; path = RecentsCell.swift; sourceTree = "<group>"; };
		02372A832C13282200A91977 /* RecentsCell.xib */ = {isa = PBXFileReference; lastKnownFileType = file.xib; path = RecentsCell.xib; sourceTree = "<group>"; };
		025D782E2C145464005C6832 /* HeaderView.swift */ = {isa = PBXFileReference; lastKnownFileType = sourcecode.swift; path = HeaderView.swift; sourceTree = "<group>"; };
		025D78322C1454A2005C6832 /* HeaderViewPresenter.swift */ = {isa = PBXFileReference; lastKnownFileType = sourcecode.swift; path = HeaderViewPresenter.swift; sourceTree = "<group>"; };
		02620B852C171E9200A506CF /* RecentSection.swift */ = {isa = PBXFileReference; lastKnownFileType = sourcecode.swift; path = RecentSection.swift; sourceTree = "<group>"; };
		02620B872C171EA800A506CF /* RecentSection.xib */ = {isa = PBXFileReference; lastKnownFileType = file.xib; path = RecentSection.xib; sourceTree = "<group>"; };
		0298D40D2C15DC1F00A054A8 /* WordCell.swift */ = {isa = PBXFileReference; lastKnownFileType = sourcecode.swift; path = WordCell.swift; sourceTree = "<group>"; };
		0298D40E2C15DC1F00A054A8 /* WordCell.xib */ = {isa = PBXFileReference; lastKnownFileType = file.xib; path = WordCell.xib; sourceTree = "<group>"; };
		0298D4122C15E05100A054A8 /* WordCellPresenter.swift */ = {isa = PBXFileReference; lastKnownFileType = sourcecode.swift; path = WordCellPresenter.swift; sourceTree = "<group>"; };
		0298D4152C15E61200A054A8 /* WordSectionHeader.swift */ = {isa = PBXFileReference; lastKnownFileType = sourcecode.swift; path = WordSectionHeader.swift; sourceTree = "<group>"; };
		0298D4172C15E61A00A054A8 /* WordSectionHeader.xib */ = {isa = PBXFileReference; lastKnownFileType = file.xib; path = WordSectionHeader.xib; sourceTree = "<group>"; };
		0298D41A2C15E7A900A054A8 /* CustomSectionHeaderPresenter.swift */ = {isa = PBXFileReference; lastKnownFileType = sourcecode.swift; path = CustomSectionHeaderPresenter.swift; sourceTree = "<group>"; };
		0298D41C2C15F1A100A054A8 /* HeaderView.xib */ = {isa = PBXFileReference; lastKnownFileType = file.xib; path = HeaderView.xib; sourceTree = "<group>"; };
		0298D41F2C16698800A054A8 /* ButtonView.swift */ = {isa = PBXFileReference; lastKnownFileType = sourcecode.swift; path = ButtonView.swift; sourceTree = "<group>"; };
		02A581FD2C11AE43004E06F1 /* ViewController.swift */ = {isa = PBXFileReference; fileEncoding = 4; lastKnownFileType = sourcecode.swift; path = ViewController.swift; sourceTree = "<group>"; };
		02A582042C11C3AC004E06F1 /* OnboardingViewController.swift */ = {isa = PBXFileReference; lastKnownFileType = sourcecode.swift; path = OnboardingViewController.swift; sourceTree = "<group>"; };
		02A582052C11C3AC004E06F1 /* OnboardingViewController.xib */ = {isa = PBXFileReference; lastKnownFileType = file.xib; path = OnboardingViewController.xib; sourceTree = "<group>"; };
		02A582102C11CCFE004E06F1 /* OnboardingPresenter.swift */ = {isa = PBXFileReference; lastKnownFileType = sourcecode.swift; path = OnboardingPresenter.swift; sourceTree = "<group>"; };
		02A582122C11CD08004E06F1 /* OnboardingRouter.swift */ = {isa = PBXFileReference; lastKnownFileType = sourcecode.swift; path = OnboardingRouter.swift; sourceTree = "<group>"; };
		02A582152C11D216004E06F1 /* LICENSE.txt */ = {isa = PBXFileReference; fileEncoding = 4; lastKnownFileType = text; path = LICENSE.txt; sourceTree = "<group>"; };
		02A582162C11D216004E06F1 /* Roboto-Black.ttf */ = {isa = PBXFileReference; lastKnownFileType = file; path = "Roboto-Black.ttf"; sourceTree = "<group>"; };
		02A582182C11D216004E06F1 /* Roboto-Bold.ttf */ = {isa = PBXFileReference; lastKnownFileType = file; path = "Roboto-Bold.ttf"; sourceTree = "<group>"; };
		02A5821D2C11D216004E06F1 /* Roboto-Medium.ttf */ = {isa = PBXFileReference; lastKnownFileType = file; path = "Roboto-Medium.ttf"; sourceTree = "<group>"; };
		02A5821F2C11D216004E06F1 /* Roboto-Regular.ttf */ = {isa = PBXFileReference; lastKnownFileType = file; path = "Roboto-Regular.ttf"; sourceTree = "<group>"; };
		02B1EDB82C1C44EE00A05BD5 /* EmptyViewPresenter.swift */ = {isa = PBXFileReference; lastKnownFileType = sourcecode.swift; path = EmptyViewPresenter.swift; sourceTree = "<group>"; };
		02B1EDBB2C1C73AD00A05BD5 /* MockDetailViewController.swift */ = {isa = PBXFileReference; lastKnownFileType = sourcecode.swift; path = MockDetailViewController.swift; sourceTree = "<group>"; };
		02B1EDBD2C1C749100A05BD5 /* MockDetailInteractor.swift */ = {isa = PBXFileReference; lastKnownFileType = sourcecode.swift; path = MockDetailInteractor.swift; sourceTree = "<group>"; };
		02B1EDBF2C1C7D4200A05BD5 /* DetailPresenterTests.swift */ = {isa = PBXFileReference; lastKnownFileType = sourcecode.swift; path = DetailPresenterTests.swift; sourceTree = "<group>"; };
		02B1EDC12C1C7DC700A05BD5 /* MockDetailRouter.swift */ = {isa = PBXFileReference; lastKnownFileType = sourcecode.swift; path = MockDetailRouter.swift; sourceTree = "<group>"; };
		02B1EDC32C1C7FA300A05BD5 /* OnboardingViewControllerUITests.swift */ = {isa = PBXFileReference; lastKnownFileType = sourcecode.swift; path = OnboardingViewControllerUITests.swift; sourceTree = "<group>"; };
		02B1EDC52C1C985E00A05BD5 /* Notification.Name.swift */ = {isa = PBXFileReference; lastKnownFileType = sourcecode.swift; path = Notification.Name.swift; sourceTree = "<group>"; };
/* End PBXFileReference section */

/* Begin PBXFrameworksBuildPhase section */
		020061212C11141A00575E13 /* Frameworks */ = {
			isa = PBXFrameworksBuildPhase;
			buildActionMask = 2147483647;
			files = (
			);
			runOnlyForDeploymentPostprocessing = 0;
		};
		0200613A2C11141A00575E13 /* Frameworks */ = {
			isa = PBXFrameworksBuildPhase;
			buildActionMask = 2147483647;
			files = (
			);
			runOnlyForDeploymentPostprocessing = 0;
		};
		020061442C11141B00575E13 /* Frameworks */ = {
			isa = PBXFrameworksBuildPhase;
			buildActionMask = 2147483647;
			files = (
			);
			runOnlyForDeploymentPostprocessing = 0;
		};
/* End PBXFrameworksBuildPhase section */

/* Begin PBXGroup section */
		0200611B2C11141900575E13 = {
			isa = PBXGroup;
			children = (
				020061262C11141A00575E13 /* Kiwix */,
				020061402C11141A00575E13 /* KiwixTests */,
				0200614A2C11141B00575E13 /* KiwixUITests */,
				020061252C11141A00575E13 /* Products */,
			);
			sourceTree = "<group>";
		};
		020061252C11141A00575E13 /* Products */ = {
			isa = PBXGroup;
			children = (
				020061242C11141A00575E13 /* Kiwix.app */,
				0200613D2C11141A00575E13 /* KiwixTests.xctest */,
				020061472C11141B00575E13 /* KiwixUITests.xctest */,
			);
			name = Products;
			sourceTree = "<group>";
		};
		020061262C11141A00575E13 /* Kiwix */ = {
			isa = PBXGroup;
			children = (
				0200615B2C11142800575E13 /* Supporting Files */,
				0200615A2C11141F00575E13 /* Storyboards */,
				02A582142C11D1F0004E06F1 /* Theme */,
				0200615F2C11147B00575E13 /* Extensions */,
				0200615C2C11145F00575E13 /* Managers */,
				0200615E2C11146900575E13 /* Screens */,
				020061382C11141A00575E13 /* Info.plist */,
				020061302C11141A00575E13 /* Kiwix.xcdatamodeld */,
			);
			path = Kiwix;
			sourceTree = "<group>";
		};
		020061402C11141A00575E13 /* KiwixTests */ = {
			isa = PBXGroup;
			children = (
				02B1EDBA2C1C739300A05BD5 /* Mock */,
				020061412C11141A00575E13 /* KiwixTests.swift */,
			);
			path = KiwixTests;
			sourceTree = "<group>";
		};
		0200614A2C11141B00575E13 /* KiwixUITests */ = {
			isa = PBXGroup;
			children = (
				02B1EDC32C1C7FA300A05BD5 /* OnboardingViewControllerUITests.swift */,
				0200614B2C11141B00575E13 /* KiwixUITests.swift */,
				0200614D2C11141B00575E13 /* KiwixUITestsLaunchTests.swift */,
			);
			path = KiwixUITests;
			sourceTree = "<group>";
		};
		0200615A2C11141F00575E13 /* Storyboards */ = {
			isa = PBXGroup;
			children = (
				0200612D2C11141A00575E13 /* Main.storyboard */,
				020061352C11141A00575E13 /* LaunchScreen.storyboard */,
			);
			path = Storyboards;
			sourceTree = "<group>";
		};
		0200615B2C11142800575E13 /* Supporting Files */ = {
			isa = PBXGroup;
			children = (
				020061272C11141A00575E13 /* AppDelegate.swift */,
				020061292C11141A00575E13 /* SceneDelegate.swift */,
			);
			path = "Supporting Files";
			sourceTree = "<group>";
		};
		0200615C2C11145F00575E13 /* Managers */ = {
			isa = PBXGroup;
			children = (
				021CF2242C11255500A884DE /* NetworkManager.swift */,
				02372A7F2C13232100A91977 /* CoreDataManager.swift */,
			);
			path = Managers;
			sourceTree = "<group>";
		};
		0200615D2C11146500575E13 /* Entity */ = {
			isa = PBXGroup;
			children = (
				020061782C11205900575E13 /* Word.swift */,
				0200617A2C11208F00575E13 /* Synonym.swift */,
			);
			path = Entity;
			sourceTree = "<group>";
		};
		0200615E2C11146900575E13 /* Screens */ = {
			isa = PBXGroup;
			children = (
				0200615D2C11146500575E13 /* Entity */,
				02A582032C11C395004E06F1 /* Onboarding */,
				020061602C11148B00575E13 /* Home */,
				020061612C11148D00575E13 /* Detail */,
				02A581FD2C11AE43004E06F1 /* ViewController.swift */,
			);
			path = Screens;
			sourceTree = "<group>";
		};
		0200615F2C11147B00575E13 /* Extensions */ = {
			isa = PBXGroup;
			children = (
				020828DB2C148C33002FC12E /* UIViewController.swift */,
				02B1EDC52C1C985E00A05BD5 /* Notification.Name.swift */,
			);
			path = Extensions;
			sourceTree = "<group>";
		};
		020061602C11148B00575E13 /* Home */ = {
			isa = PBXGroup;
			children = (
				0206BEC52C11D57400381186 /* HomeViewController.swift */,
				0206BEC62C11D57400381186 /* HomeViewController.xib */,
				020061672C1114BF00575E13 /* HomeInteractor.swift */,
				020061692C1114C900575E13 /* HomePresenter.swift */,
				0200616C2C1114EC00575E13 /* HomeRouter.swift */,
				0206BECC2C11F63500381186 /* Cells */,
			);
			path = Home;
			sourceTree = "<group>";
		};
		020061612C11148D00575E13 /* Detail */ = {
			isa = PBXGroup;
			children = (
				0200616E2C1114F900575E13 /* DetailViewController.swift */,
				0200616F2C1114F900575E13 /* DetailViewController.xib */,
				020061722C11150600575E13 /* DetailInteractor.swift */,
				020061742C11151000575E13 /* DetailPresenter.swift */,
				020061762C11151900575E13 /* DetailRouter.swift */,
				025D782D2C145458005C6832 /* Cells */,
			);
			path = Detail;
			sourceTree = "<group>";
		};
		0206BECC2C11F63500381186 /* Cells */ = {
			isa = PBXGroup;
			children = (
				02620B842C171E7300A506CF /* RecentSection */,
				02372A812C13280800A91977 /* RecentsCell */,
				0206BED92C123ED500381186 /* EmptyView */,
			);
			path = Cells;
			sourceTree = "<group>";
		};
		0206BED92C123ED500381186 /* EmptyView */ = {
			isa = PBXGroup;
			children = (
				0206BECD2C11F8EC00381186 /* EmptyView.swift */,
				0206BECF2C11F8F400381186 /* EmptyView.xib */,
				02B1EDB72C1C44DD00A05BD5 /* Presenter */,
			);
			path = EmptyView;
			sourceTree = "<group>";
		};
		020828CE2C1481AE002FC12E /* HeaderView */ = {
			isa = PBXGroup;
			children = (
				025D782E2C145464005C6832 /* HeaderView.swift */,
				0298D41C2C15F1A100A054A8 /* HeaderView.xib */,
				025D78342C1454AF005C6832 /* Presenter */,
			);
			path = HeaderView;
			sourceTree = "<group>";
		};
		021FF48A2C19B19F00506A69 /* Presenter */ = {
			isa = PBXGroup;
			children = (
				021FF48B2C19B1B200506A69 /* ButtonViewPresenter.swift */,
			);
			path = Presenter;
			sourceTree = "<group>";
		};
		021FF48F2C19BA6800506A69 /* FooterView */ = {
			isa = PBXGroup;
			children = (
				021FF4902C19BA8100506A69 /* FooterView.swift */,
				021FF4922C19BA8A00506A69 /* FooterView.xib */,
			);
			path = FooterView;
			sourceTree = "<group>";
		};
		02372A812C13280800A91977 /* RecentsCell */ = {
			isa = PBXGroup;
			children = (
				02372A822C13282200A91977 /* RecentsCell.swift */,
				02372A832C13282200A91977 /* RecentsCell.xib */,
			);
			path = RecentsCell;
			sourceTree = "<group>";
		};
		025D782D2C145458005C6832 /* Cells */ = {
			isa = PBXGroup;
			children = (
				020828CE2C1481AE002FC12E /* HeaderView */,
				0298D41E2C16696000A054A8 /* ButtonView */,
				0298D4142C15E2A500A054A8 /* WordSectionHeader */,
				0298D40C2C15DBF500A054A8 /* WordCell */,
				021FF48F2C19BA6800506A69 /* FooterView */,
			);
			path = Cells;
			sourceTree = "<group>";
		};
		025D78342C1454AF005C6832 /* Presenter */ = {
			isa = PBXGroup;
			children = (
				025D78322C1454A2005C6832 /* HeaderViewPresenter.swift */,
			);
			path = Presenter;
			sourceTree = "<group>";
		};
		02620B842C171E7300A506CF /* RecentSection */ = {
			isa = PBXGroup;
			children = (
				02620B852C171E9200A506CF /* RecentSection.swift */,
				02620B872C171EA800A506CF /* RecentSection.xib */,
			);
			path = RecentSection;
			sourceTree = "<group>";
		};
		0298D40C2C15DBF500A054A8 /* WordCell */ = {
			isa = PBXGroup;
			children = (
				0298D40D2C15DC1F00A054A8 /* WordCell.swift */,
				0298D40E2C15DC1F00A054A8 /* WordCell.xib */,
				0298D4112C15DC2000A054A8 /* Presenter */,
			);
			path = WordCell;
			sourceTree = "<group>";
		};
		0298D4112C15DC2000A054A8 /* Presenter */ = {
			isa = PBXGroup;
			children = (
				0298D4122C15E05100A054A8 /* WordCellPresenter.swift */,
			);
			path = Presenter;
			sourceTree = "<group>";
		};
		0298D4142C15E2A500A054A8 /* WordSectionHeader */ = {
			isa = PBXGroup;
			children = (
				0298D4152C15E61200A054A8 /* WordSectionHeader.swift */,
				0298D4172C15E61A00A054A8 /* WordSectionHeader.xib */,
				0298D4192C15E79A00A054A8 /* Presenter */,
			);
			path = WordSectionHeader;
			sourceTree = "<group>";
		};
		0298D4192C15E79A00A054A8 /* Presenter */ = {
			isa = PBXGroup;
			children = (
				0298D41A2C15E7A900A054A8 /* CustomSectionHeaderPresenter.swift */,
			);
			path = Presenter;
			sourceTree = "<group>";
		};
		0298D41E2C16696000A054A8 /* ButtonView */ = {
			isa = PBXGroup;
			children = (
				0298D41F2C16698800A054A8 /* ButtonView.swift */,
				021FF48D2C19B4E700506A69 /* ButtonView.xib */,
				021FF48A2C19B19F00506A69 /* Presenter */,
			);
			path = ButtonView;
			sourceTree = "<group>";
		};
		02A582032C11C395004E06F1 /* Onboarding */ = {
			isa = PBXGroup;
			children = (
				02A582042C11C3AC004E06F1 /* OnboardingViewController.swift */,
				02A582052C11C3AC004E06F1 /* OnboardingViewController.xib */,
				02A582102C11CCFE004E06F1 /* OnboardingPresenter.swift */,
				02A582122C11CD08004E06F1 /* OnboardingRouter.swift */,
			);
			path = Onboarding;
			sourceTree = "<group>";
		};
		02A582142C11D1F0004E06F1 /* Theme */ = {
			isa = PBXGroup;
			children = (
				02A582222C11D216004E06F1 /* Roboto 2 */,
				020061332C11141A00575E13 /* Assets.xcassets */,
			);
			path = Theme;
			sourceTree = "<group>";
		};
		02A582222C11D216004E06F1 /* Roboto 2 */ = {
			isa = PBXGroup;
			children = (
				02A582152C11D216004E06F1 /* LICENSE.txt */,
				02A582162C11D216004E06F1 /* Roboto-Black.ttf */,
				02A582182C11D216004E06F1 /* Roboto-Bold.ttf */,
				02A5821D2C11D216004E06F1 /* Roboto-Medium.ttf */,
				02A5821F2C11D216004E06F1 /* Roboto-Regular.ttf */,
			);
			path = "Roboto 2";
			sourceTree = "<group>";
		};
		02B1EDB72C1C44DD00A05BD5 /* Presenter */ = {
			isa = PBXGroup;
			children = (
				02B1EDB82C1C44EE00A05BD5 /* EmptyViewPresenter.swift */,
			);
			path = Presenter;
			sourceTree = "<group>";
		};
		02B1EDBA2C1C739300A05BD5 /* Mock */ = {
			isa = PBXGroup;
			children = (
				02B1EDBB2C1C73AD00A05BD5 /* MockDetailViewController.swift */,
				02B1EDBD2C1C749100A05BD5 /* MockDetailInteractor.swift */,
				02B1EDBF2C1C7D4200A05BD5 /* DetailPresenterTests.swift */,
				02B1EDC12C1C7DC700A05BD5 /* MockDetailRouter.swift */,
			);
			path = Mock;
			sourceTree = "<group>";
		};
/* End PBXGroup section */

/* Begin PBXNativeTarget section */
		020061232C11141A00575E13 /* Kiwix */ = {
			isa = PBXNativeTarget;
			buildConfigurationList = 020061512C11141B00575E13 /* Build configuration list for PBXNativeTarget "Kiwix" */;
			buildPhases = (
				020061202C11141A00575E13 /* Sources */,
				020061212C11141A00575E13 /* Frameworks */,
				020061222C11141A00575E13 /* Resources */,
			);
			buildRules = (
			);
			dependencies = (
			);
			name = Kiwix;
			packageProductDependencies = (
			);
			productName = Kiwix;
			productReference = 020061242C11141A00575E13 /* Kiwix.app */;
			productType = "com.apple.product-type.application";
		};
		0200613C2C11141A00575E13 /* KiwixTests */ = {
			isa = PBXNativeTarget;
			buildConfigurationList = 020061542C11141B00575E13 /* Build configuration list for PBXNativeTarget "KiwixTests" */;
			buildPhases = (
				020061392C11141A00575E13 /* Sources */,
				0200613A2C11141A00575E13 /* Frameworks */,
				0200613B2C11141A00575E13 /* Resources */,
			);
			buildRules = (
			);
			dependencies = (
				0200613F2C11141A00575E13 /* PBXTargetDependency */,
			);
			name = KiwixTests;
			productName = KiwixTests;
			productReference = 0200613D2C11141A00575E13 /* KiwixTests.xctest */;
			productType = "com.apple.product-type.bundle.unit-test";
		};
		020061462C11141B00575E13 /* KiwixUITests */ = {
			isa = PBXNativeTarget;
			buildConfigurationList = 020061572C11141B00575E13 /* Build configuration list for PBXNativeTarget "KiwixUITests" */;
			buildPhases = (
				020061432C11141B00575E13 /* Sources */,
				020061442C11141B00575E13 /* Frameworks */,
				020061452C11141B00575E13 /* Resources */,
			);
			buildRules = (
			);
			dependencies = (
				020061492C11141B00575E13 /* PBXTargetDependency */,
			);
			name = KiwixUITests;
			productName = KiwixUITests;
			productReference = 020061472C11141B00575E13 /* KiwixUITests.xctest */;
			productType = "com.apple.product-type.bundle.ui-testing";
		};
/* End PBXNativeTarget section */

/* Begin PBXProject section */
		0200611C2C11141900575E13 /* Project object */ = {
			isa = PBXProject;
			attributes = {
				BuildIndependentTargetsInParallel = 1;
				LastSwiftUpdateCheck = 1530;
				LastUpgradeCheck = 1530;
				TargetAttributes = {
					020061232C11141A00575E13 = {
						CreatedOnToolsVersion = 15.3;
					};
					0200613C2C11141A00575E13 = {
						CreatedOnToolsVersion = 15.3;
						TestTargetID = 020061232C11141A00575E13;
					};
					020061462C11141B00575E13 = {
						CreatedOnToolsVersion = 15.3;
						TestTargetID = 020061232C11141A00575E13;
					};
				};
			};
			buildConfigurationList = 0200611F2C11141900575E13 /* Build configuration list for PBXProject "Kiwix" */;
			compatibilityVersion = "Xcode 14.0";
			developmentRegion = en;
			hasScannedForEncodings = 0;
			knownRegions = (
				en,
				Base,
			);
			mainGroup = 0200611B2C11141900575E13;
			packageReferences = (
			);
			productRefGroup = 020061252C11141A00575E13 /* Products */;
			projectDirPath = "";
			projectRoot = "";
			targets = (
				020061232C11141A00575E13 /* Kiwix */,
				0200613C2C11141A00575E13 /* KiwixTests */,
				020061462C11141B00575E13 /* KiwixUITests */,
			);
		};
/* End PBXProject section */

/* Begin PBXResourcesBuildPhase section */
		020061222C11141A00575E13 /* Resources */ = {
			isa = PBXResourcesBuildPhase;
			buildActionMask = 2147483647;
			files = (
				021FF4932C19BA8A00506A69 /* FooterView.xib in Resources */,
				020061342C11141A00575E13 /* Assets.xcassets in Resources */,
				020061372C11141A00575E13 /* Base in Resources */,
				0298D4182C15E61A00A054A8 /* WordSectionHeader.xib in Resources */,
				0298D41D2C15F1A100A054A8 /* HeaderView.xib in Resources */,
				02A5822B2C11D216004E06F1 /* Roboto-Medium.ttf in Resources */,
				02A582262C11D216004E06F1 /* Roboto-Bold.ttf in Resources */,
				0298D4102C15DC1F00A054A8 /* WordCell.xib in Resources */,
				020061712C1114F900575E13 /* DetailViewController.xib in Resources */,
				02A582242C11D216004E06F1 /* Roboto-Black.ttf in Resources */,
				02372A852C13282200A91977 /* RecentsCell.xib in Resources */,
				0200612F2C11141A00575E13 /* Base in Resources */,
				02A5822D2C11D216004E06F1 /* Roboto-Regular.ttf in Resources */,
				02A582072C11C3AC004E06F1 /* OnboardingViewController.xib in Resources */,
				02620B882C171EA800A506CF /* RecentSection.xib in Resources */,
				0206BED02C11F8F400381186 /* EmptyView.xib in Resources */,
				021FF48E2C19B4E700506A69 /* ButtonView.xib in Resources */,
				02A582232C11D216004E06F1 /* LICENSE.txt in Resources */,
				0206BEC82C11D57400381186 /* HomeViewController.xib in Resources */,
			);
			runOnlyForDeploymentPostprocessing = 0;
		};
		0200613B2C11141A00575E13 /* Resources */ = {
			isa = PBXResourcesBuildPhase;
			buildActionMask = 2147483647;
			files = (
			);
			runOnlyForDeploymentPostprocessing = 0;
		};
		020061452C11141B00575E13 /* Resources */ = {
			isa = PBXResourcesBuildPhase;
			buildActionMask = 2147483647;
			files = (
			);
			runOnlyForDeploymentPostprocessing = 0;
		};
/* End PBXResourcesBuildPhase section */

/* Begin PBXSourcesBuildPhase section */
		020061202C11141A00575E13 /* Sources */ = {
			isa = PBXSourcesBuildPhase;
			buildActionMask = 2147483647;
			files = (
				02A582112C11CCFE004E06F1 /* OnboardingPresenter.swift in Sources */,
				02A581FE2C11AE43004E06F1 /* ViewController.swift in Sources */,
				020061772C11151900575E13 /* DetailRouter.swift in Sources */,
				0298D4132C15E05100A054A8 /* WordCellPresenter.swift in Sources */,
				020061282C11141A00575E13 /* AppDelegate.swift in Sources */,
				02A582132C11CD08004E06F1 /* OnboardingRouter.swift in Sources */,
				0298D4212C16698800A054A8 /* ButtonView.swift in Sources */,
				0200616D2C1114EC00575E13 /* HomeRouter.swift in Sources */,
				0206BECE2C11F8EC00381186 /* EmptyView.swift in Sources */,
				020061752C11151000575E13 /* DetailPresenter.swift in Sources */,
				02A582062C11C3AC004E06F1 /* OnboardingViewController.swift in Sources */,
				020061732C11150600575E13 /* DetailInteractor.swift in Sources */,
				02B1EDC62C1C985E00A05BD5 /* Notification.Name.swift in Sources */,
				020828DC2C148C33002FC12E /* UIViewController.swift in Sources */,
				0298D40F2C15DC1F00A054A8 /* WordCell.swift in Sources */,
				02372A842C13282200A91977 /* RecentsCell.swift in Sources */,
				020061322C11141A00575E13 /* Kiwix.xcdatamodeld in Sources */,
				020061792C11205900575E13 /* Word.swift in Sources */,
				0200616A2C1114C900575E13 /* HomePresenter.swift in Sources */,
				021FF4912C19BA8100506A69 /* FooterView.swift in Sources */,
				020061682C1114BF00575E13 /* HomeInteractor.swift in Sources */,
				02B1EDB92C1C44EE00A05BD5 /* EmptyViewPresenter.swift in Sources */,
				021CF2252C11255500A884DE /* NetworkManager.swift in Sources */,
				02372A802C13232100A91977 /* CoreDataManager.swift in Sources */,
				0206BEC72C11D57400381186 /* HomeViewController.swift in Sources */,
				021FF48C2C19B1B200506A69 /* ButtonViewPresenter.swift in Sources */,
				0200612A2C11141A00575E13 /* SceneDelegate.swift in Sources */,
				02620B862C171E9200A506CF /* RecentSection.swift in Sources */,
				0200617B2C11208F00575E13 /* Synonym.swift in Sources */,
				0298D4162C15E61200A054A8 /* WordSectionHeader.swift in Sources */,
				020061702C1114F900575E13 /* DetailViewController.swift in Sources */,
				025D78332C1454A2005C6832 /* HeaderViewPresenter.swift in Sources */,
				0298D41B2C15E7A900A054A8 /* CustomSectionHeaderPresenter.swift in Sources */,
				025D782F2C145464005C6832 /* HeaderView.swift in Sources */,
			);
			runOnlyForDeploymentPostprocessing = 0;
		};
		020061392C11141A00575E13 /* Sources */ = {
			isa = PBXSourcesBuildPhase;
			buildActionMask = 2147483647;
			files = (
				02B1EDC22C1C7DC700A05BD5 /* MockDetailRouter.swift in Sources */,
				020061422C11141A00575E13 /* KiwixTests.swift in Sources */,
				02B1EDBC2C1C73AD00A05BD5 /* MockDetailViewController.swift in Sources */,
				02B1EDBE2C1C749100A05BD5 /* MockDetailInteractor.swift in Sources */,
				02B1EDC02C1C7D4200A05BD5 /* DetailPresenterTests.swift in Sources */,
			);
			runOnlyForDeploymentPostprocessing = 0;
		};
		020061432C11141B00575E13 /* Sources */ = {
			isa = PBXSourcesBuildPhase;
			buildActionMask = 2147483647;
			files = (
				0200614C2C11141B00575E13 /* KiwixUITests.swift in Sources */,
				0200614E2C11141B00575E13 /* KiwixUITestsLaunchTests.swift in Sources */,
				02B1EDC42C1C7FA300A05BD5 /* OnboardingViewControllerUITests.swift in Sources */,
			);
			runOnlyForDeploymentPostprocessing = 0;
		};
/* End PBXSourcesBuildPhase section */

/* Begin PBXTargetDependency section */
		0200613F2C11141A00575E13 /* PBXTargetDependency */ = {
			isa = PBXTargetDependency;
			target = 020061232C11141A00575E13 /* Kiwix */;
			targetProxy = 0200613E2C11141A00575E13 /* PBXContainerItemProxy */;
		};
		020061492C11141B00575E13 /* PBXTargetDependency */ = {
			isa = PBXTargetDependency;
			target = 020061232C11141A00575E13 /* Kiwix */;
			targetProxy = 020061482C11141B00575E13 /* PBXContainerItemProxy */;
		};
/* End PBXTargetDependency section */

/* Begin PBXVariantGroup section */
		0200612D2C11141A00575E13 /* Main.storyboard */ = {
			isa = PBXVariantGroup;
			children = (
				0200612E2C11141A00575E13 /* Base */,
			);
			name = Main.storyboard;
			sourceTree = "<group>";
		};
		020061352C11141A00575E13 /* LaunchScreen.storyboard */ = {
			isa = PBXVariantGroup;
			children = (
				020061362C11141A00575E13 /* Base */,
			);
			name = LaunchScreen.storyboard;
			sourceTree = "<group>";
		};
/* End PBXVariantGroup section */

/* Begin XCBuildConfiguration section */
		0200614F2C11141B00575E13 /* Debug */ = {
			isa = XCBuildConfiguration;
			buildSettings = {
				ALWAYS_SEARCH_USER_PATHS = NO;
				ASSETCATALOG_COMPILER_GENERATE_SWIFT_ASSET_SYMBOL_EXTENSIONS = YES;
				CLANG_ANALYZER_NONNULL = YES;
				CLANG_ANALYZER_NUMBER_OBJECT_CONVERSION = YES_AGGRESSIVE;
				CLANG_CXX_LANGUAGE_STANDARD = "gnu++20";
				CLANG_ENABLE_MODULES = YES;
				CLANG_ENABLE_OBJC_ARC = YES;
				CLANG_ENABLE_OBJC_WEAK = YES;
				CLANG_WARN_BLOCK_CAPTURE_AUTORELEASING = YES;
				CLANG_WARN_BOOL_CONVERSION = YES;
				CLANG_WARN_COMMA = YES;
				CLANG_WARN_CONSTANT_CONVERSION = YES;
				CLANG_WARN_DEPRECATED_OBJC_IMPLEMENTATIONS = YES;
				CLANG_WARN_DIRECT_OBJC_ISA_USAGE = YES_ERROR;
				CLANG_WARN_DOCUMENTATION_COMMENTS = YES;
				CLANG_WARN_EMPTY_BODY = YES;
				CLANG_WARN_ENUM_CONVERSION = YES;
				CLANG_WARN_INFINITE_RECURSION = YES;
				CLANG_WARN_INT_CONVERSION = YES;
				CLANG_WARN_NON_LITERAL_NULL_CONVERSION = YES;
				CLANG_WARN_OBJC_IMPLICIT_RETAIN_SELF = YES;
				CLANG_WARN_OBJC_LITERAL_CONVERSION = YES;
				CLANG_WARN_OBJC_ROOT_CLASS = YES_ERROR;
				CLANG_WARN_QUOTED_INCLUDE_IN_FRAMEWORK_HEADER = YES;
				CLANG_WARN_RANGE_LOOP_ANALYSIS = YES;
				CLANG_WARN_STRICT_PROTOTYPES = YES;
				CLANG_WARN_SUSPICIOUS_MOVE = YES;
				CLANG_WARN_UNGUARDED_AVAILABILITY = YES_AGGRESSIVE;
				CLANG_WARN_UNREACHABLE_CODE = YES;
				CLANG_WARN__DUPLICATE_METHOD_MATCH = YES;
				COPY_PHASE_STRIP = NO;
				DEBUG_INFORMATION_FORMAT = dwarf;
				ENABLE_STRICT_OBJC_MSGSEND = YES;
				ENABLE_TESTABILITY = YES;
				ENABLE_USER_SCRIPT_SANDBOXING = YES;
				GCC_C_LANGUAGE_STANDARD = gnu17;
				GCC_DYNAMIC_NO_PIC = NO;
				GCC_NO_COMMON_BLOCKS = YES;
				GCC_OPTIMIZATION_LEVEL = 0;
				GCC_PREPROCESSOR_DEFINITIONS = (
					"DEBUG=1",
					"$(inherited)",
				);
				GCC_WARN_64_TO_32_BIT_CONVERSION = YES;
				GCC_WARN_ABOUT_RETURN_TYPE = YES_ERROR;
				GCC_WARN_UNDECLARED_SELECTOR = YES;
				GCC_WARN_UNINITIALIZED_AUTOS = YES_AGGRESSIVE;
				GCC_WARN_UNUSED_FUNCTION = YES;
				GCC_WARN_UNUSED_VARIABLE = YES;
				IPHONEOS_DEPLOYMENT_TARGET = 17.4;
				LOCALIZATION_PREFERS_STRING_CATALOGS = YES;
				MTL_ENABLE_DEBUG_INFO = INCLUDE_SOURCE;
				MTL_FAST_MATH = YES;
				ONLY_ACTIVE_ARCH = YES;
				SDKROOT = iphoneos;
				SWIFT_ACTIVE_COMPILATION_CONDITIONS = "DEBUG $(inherited)";
				SWIFT_OPTIMIZATION_LEVEL = "-Onone";
			};
			name = Debug;
		};
		020061502C11141B00575E13 /* Release */ = {
			isa = XCBuildConfiguration;
			buildSettings = {
				ALWAYS_SEARCH_USER_PATHS = NO;
				ASSETCATALOG_COMPILER_GENERATE_SWIFT_ASSET_SYMBOL_EXTENSIONS = YES;
				CLANG_ANALYZER_NONNULL = YES;
				CLANG_ANALYZER_NUMBER_OBJECT_CONVERSION = YES_AGGRESSIVE;
				CLANG_CXX_LANGUAGE_STANDARD = "gnu++20";
				CLANG_ENABLE_MODULES = YES;
				CLANG_ENABLE_OBJC_ARC = YES;
				CLANG_ENABLE_OBJC_WEAK = YES;
				CLANG_WARN_BLOCK_CAPTURE_AUTORELEASING = YES;
				CLANG_WARN_BOOL_CONVERSION = YES;
				CLANG_WARN_COMMA = YES;
				CLANG_WARN_CONSTANT_CONVERSION = YES;
				CLANG_WARN_DEPRECATED_OBJC_IMPLEMENTATIONS = YES;
				CLANG_WARN_DIRECT_OBJC_ISA_USAGE = YES_ERROR;
				CLANG_WARN_DOCUMENTATION_COMMENTS = YES;
				CLANG_WARN_EMPTY_BODY = YES;
				CLANG_WARN_ENUM_CONVERSION = YES;
				CLANG_WARN_INFINITE_RECURSION = YES;
				CLANG_WARN_INT_CONVERSION = YES;
				CLANG_WARN_NON_LITERAL_NULL_CONVERSION = YES;
				CLANG_WARN_OBJC_IMPLICIT_RETAIN_SELF = YES;
				CLANG_WARN_OBJC_LITERAL_CONVERSION = YES;
				CLANG_WARN_OBJC_ROOT_CLASS = YES_ERROR;
				CLANG_WARN_QUOTED_INCLUDE_IN_FRAMEWORK_HEADER = YES;
				CLANG_WARN_RANGE_LOOP_ANALYSIS = YES;
				CLANG_WARN_STRICT_PROTOTYPES = YES;
				CLANG_WARN_SUSPICIOUS_MOVE = YES;
				CLANG_WARN_UNGUARDED_AVAILABILITY = YES_AGGRESSIVE;
				CLANG_WARN_UNREACHABLE_CODE = YES;
				CLANG_WARN__DUPLICATE_METHOD_MATCH = YES;
				COPY_PHASE_STRIP = NO;
				DEBUG_INFORMATION_FORMAT = "dwarf-with-dsym";
				ENABLE_NS_ASSERTIONS = NO;
				ENABLE_STRICT_OBJC_MSGSEND = YES;
				ENABLE_USER_SCRIPT_SANDBOXING = YES;
				GCC_C_LANGUAGE_STANDARD = gnu17;
				GCC_NO_COMMON_BLOCKS = YES;
				GCC_WARN_64_TO_32_BIT_CONVERSION = YES;
				GCC_WARN_ABOUT_RETURN_TYPE = YES_ERROR;
				GCC_WARN_UNDECLARED_SELECTOR = YES;
				GCC_WARN_UNINITIALIZED_AUTOS = YES_AGGRESSIVE;
				GCC_WARN_UNUSED_FUNCTION = YES;
				GCC_WARN_UNUSED_VARIABLE = YES;
				IPHONEOS_DEPLOYMENT_TARGET = 17.4;
				LOCALIZATION_PREFERS_STRING_CATALOGS = YES;
				MTL_ENABLE_DEBUG_INFO = NO;
				MTL_FAST_MATH = YES;
				SDKROOT = iphoneos;
				SWIFT_COMPILATION_MODE = wholemodule;
				VALIDATE_PRODUCT = YES;
			};
			name = Release;
		};
		020061522C11141B00575E13 /* Debug */ = {
			isa = XCBuildConfiguration;
			buildSettings = {
				ASSETCATALOG_COMPILER_APPICON_NAME = AppIcon;
				ASSETCATALOG_COMPILER_GLOBAL_ACCENT_COLOR_NAME = AccentColor;
				CODE_SIGN_STYLE = Automatic;
				CURRENT_PROJECT_VERSION = 1;
				DEVELOPMENT_TEAM = XS5B289466;
				GENERATE_INFOPLIST_FILE = YES;
				INFOPLIST_FILE = Kiwix/Info.plist;
				INFOPLIST_KEY_UIApplicationSupportsIndirectInputEvents = YES;
				INFOPLIST_KEY_UILaunchStoryboardName = LaunchScreen;
				INFOPLIST_KEY_UIMainStoryboardFile = Main;
				INFOPLIST_KEY_UISupportedInterfaceOrientations_iPad = "UIInterfaceOrientationPortrait UIInterfaceOrientationPortraitUpsideDown UIInterfaceOrientationLandscapeLeft UIInterfaceOrientationLandscapeRight";
				INFOPLIST_KEY_UISupportedInterfaceOrientations_iPhone = "UIInterfaceOrientationPortrait UIInterfaceOrientationLandscapeLeft UIInterfaceOrientationLandscapeRight";
				IPHONEOS_DEPLOYMENT_TARGET = 15.0;
				LD_RUNPATH_SEARCH_PATHS = (
					"$(inherited)",
					"@executable_path/Frameworks",
				);
				MARKETING_VERSION = 1.0;
				PRODUCT_BUNDLE_IDENTIFIER = com.ffk.Kiwix;
				PRODUCT_NAME = "$(TARGET_NAME)";
				SWIFT_EMIT_LOC_STRINGS = YES;
				SWIFT_VERSION = 5.0;
				TARGETED_DEVICE_FAMILY = "1,2";
			};
			name = Debug;
		};
		020061532C11141B00575E13 /* Release */ = {
			isa = XCBuildConfiguration;
			buildSettings = {
				ASSETCATALOG_COMPILER_APPICON_NAME = AppIcon;
				ASSETCATALOG_COMPILER_GLOBAL_ACCENT_COLOR_NAME = AccentColor;
				CODE_SIGN_STYLE = Automatic;
				CURRENT_PROJECT_VERSION = 1;
				DEVELOPMENT_TEAM = XS5B289466;
				GENERATE_INFOPLIST_FILE = YES;
				INFOPLIST_FILE = Kiwix/Info.plist;
				INFOPLIST_KEY_UIApplicationSupportsIndirectInputEvents = YES;
				INFOPLIST_KEY_UILaunchStoryboardName = LaunchScreen;
				INFOPLIST_KEY_UIMainStoryboardFile = Main;
				INFOPLIST_KEY_UISupportedInterfaceOrientations_iPad = "UIInterfaceOrientationPortrait UIInterfaceOrientationPortraitUpsideDown UIInterfaceOrientationLandscapeLeft UIInterfaceOrientationLandscapeRight";
				INFOPLIST_KEY_UISupportedInterfaceOrientations_iPhone = "UIInterfaceOrientationPortrait UIInterfaceOrientationLandscapeLeft UIInterfaceOrientationLandscapeRight";
				IPHONEOS_DEPLOYMENT_TARGET = 15.0;
				LD_RUNPATH_SEARCH_PATHS = (
					"$(inherited)",
					"@executable_path/Frameworks",
				);
				MARKETING_VERSION = 1.0;
				PRODUCT_BUNDLE_IDENTIFIER = com.ffk.Kiwix;
				PRODUCT_NAME = "$(TARGET_NAME)";
				SWIFT_EMIT_LOC_STRINGS = YES;
				SWIFT_VERSION = 5.0;
				TARGETED_DEVICE_FAMILY = "1,2";
			};
			name = Release;
		};
		020061552C11141B00575E13 /* Debug */ = {
			isa = XCBuildConfiguration;
			buildSettings = {
				ALWAYS_EMBED_SWIFT_STANDARD_LIBRARIES = YES;
				BUNDLE_LOADER = "$(TEST_HOST)";
				CODE_SIGN_STYLE = Automatic;
				CURRENT_PROJECT_VERSION = 1;
				DEVELOPMENT_TEAM = XS5B289466;
				GENERATE_INFOPLIST_FILE = YES;
				IPHONEOS_DEPLOYMENT_TARGET = 17.4;
				MARKETING_VERSION = 1.0;
				PRODUCT_BUNDLE_IDENTIFIER = com.ffk.KiwixTests;
				PRODUCT_NAME = "$(TARGET_NAME)";
				SWIFT_EMIT_LOC_STRINGS = NO;
				SWIFT_VERSION = 5.0;
				TARGETED_DEVICE_FAMILY = "1,2";
				TEST_HOST = "$(BUILT_PRODUCTS_DIR)/Kiwix.app/$(BUNDLE_EXECUTABLE_FOLDER_PATH)/Kiwix";
			};
			name = Debug;
		};
		020061562C11141B00575E13 /* Release */ = {
			isa = XCBuildConfiguration;
			buildSettings = {
				ALWAYS_EMBED_SWIFT_STANDARD_LIBRARIES = YES;
				BUNDLE_LOADER = "$(TEST_HOST)";
				CODE_SIGN_STYLE = Automatic;
				CURRENT_PROJECT_VERSION = 1;
				DEVELOPMENT_TEAM = XS5B289466;
				GENERATE_INFOPLIST_FILE = YES;
				IPHONEOS_DEPLOYMENT_TARGET = 17.4;
				MARKETING_VERSION = 1.0;
				PRODUCT_BUNDLE_IDENTIFIER = com.ffk.KiwixTests;
				PRODUCT_NAME = "$(TARGET_NAME)";
				SWIFT_EMIT_LOC_STRINGS = NO;
				SWIFT_VERSION = 5.0;
				TARGETED_DEVICE_FAMILY = "1,2";
				TEST_HOST = "$(BUILT_PRODUCTS_DIR)/Kiwix.app/$(BUNDLE_EXECUTABLE_FOLDER_PATH)/Kiwix";
			};
			name = Release;
		};
		020061582C11141B00575E13 /* Debug */ = {
			isa = XCBuildConfiguration;
			buildSettings = {
				ALWAYS_EMBED_SWIFT_STANDARD_LIBRARIES = YES;
				CODE_SIGN_STYLE = Automatic;
				CURRENT_PROJECT_VERSION = 1;
				DEVELOPMENT_TEAM = XS5B289466;
				GENERATE_INFOPLIST_FILE = YES;
				MARKETING_VERSION = 1.0;
				PRODUCT_BUNDLE_IDENTIFIER = com.ffk.KiwixUITests;
				PRODUCT_NAME = "$(TARGET_NAME)";
				SWIFT_EMIT_LOC_STRINGS = NO;
				SWIFT_VERSION = 5.0;
				TARGETED_DEVICE_FAMILY = "1,2";
				TEST_TARGET_NAME = Kiwix;
			};
			name = Debug;
		};
		020061592C11141B00575E13 /* Release */ = {
			isa = XCBuildConfiguration;
			buildSettings = {
				ALWAYS_EMBED_SWIFT_STANDARD_LIBRARIES = YES;
				CODE_SIGN_STYLE = Automatic;
				CURRENT_PROJECT_VERSION = 1;
				DEVELOPMENT_TEAM = XS5B289466;
				GENERATE_INFOPLIST_FILE = YES;
				MARKETING_VERSION = 1.0;
				PRODUCT_BUNDLE_IDENTIFIER = com.ffk.KiwixUITests;
				PRODUCT_NAME = "$(TARGET_NAME)";
				SWIFT_EMIT_LOC_STRINGS = NO;
				SWIFT_VERSION = 5.0;
				TARGETED_DEVICE_FAMILY = "1,2";
				TEST_TARGET_NAME = Kiwix;
			};
			name = Release;
		};
/* End XCBuildConfiguration section */

/* Begin XCConfigurationList section */
		0200611F2C11141900575E13 /* Build configuration list for PBXProject "Kiwix" */ = {
			isa = XCConfigurationList;
			buildConfigurations = (
				0200614F2C11141B00575E13 /* Debug */,
				020061502C11141B00575E13 /* Release */,
			);
			defaultConfigurationIsVisible = 0;
			defaultConfigurationName = Release;
		};
		020061512C11141B00575E13 /* Build configuration list for PBXNativeTarget "Kiwix" */ = {
			isa = XCConfigurationList;
			buildConfigurations = (
				020061522C11141B00575E13 /* Debug */,
				020061532C11141B00575E13 /* Release */,
			);
			defaultConfigurationIsVisible = 0;
			defaultConfigurationName = Release;
		};
		020061542C11141B00575E13 /* Build configuration list for PBXNativeTarget "KiwixTests" */ = {
			isa = XCConfigurationList;
			buildConfigurations = (
				020061552C11141B00575E13 /* Debug */,
				020061562C11141B00575E13 /* Release */,
			);
			defaultConfigurationIsVisible = 0;
			defaultConfigurationName = Release;
		};
		020061572C11141B00575E13 /* Build configuration list for PBXNativeTarget "KiwixUITests" */ = {
			isa = XCConfigurationList;
			buildConfigurations = (
				020061582C11141B00575E13 /* Debug */,
				020061592C11141B00575E13 /* Release */,
			);
			defaultConfigurationIsVisible = 0;
			defaultConfigurationName = Release;
		};
/* End XCConfigurationList section */

/* Begin XCVersionGroup section */
		020061302C11141A00575E13 /* Kiwix.xcdatamodeld */ = {
			isa = XCVersionGroup;
			children = (
				020061312C11141A00575E13 /* Kiwix.xcdatamodel */,
			);
			currentVersion = 020061312C11141A00575E13 /* Kiwix.xcdatamodel */;
			path = Kiwix.xcdatamodeld;
			sourceTree = "<group>";
			versionGroupType = wrapper.xcdatamodel;
		};
/* End XCVersionGroup section */
	};
	rootObject = 0200611C2C11141900575E13 /* Project object */;
}
